{
  "name": "test-local-sdk",
  "version": "1.0.0",
  "lockfileVersion": 3,
  "requires": true,
  "packages": {
    "": {
      "name": "test-local-sdk",
      "version": "1.0.0",
      "license": "ISC",
      "dependencies": {
        "@sopres/core": "file:../packages/@sopres/core",
        "@sopres/sdk": "file:../packages/@sopres/sdk",
        "@sopres/utils": "file:../packages/@sopres/utils"
      }
    },
    "../packages/@sopres/core": {
      "version": "1.0.1",
      "license": "MIT",
      "dependencies": {
        "zod": "^3.25.76"
      },
      "devDependencies": {
        "@prisma/client": "^5.7.1",
        "typescript": "^5.3.3"
      },
      "peerDependencies": {
        "@prisma/client": "^5.7.1"
      }
    },
    "../packages/@sopres/sdk": {
      "version": "1.0.1",
      "license": "MIT",
      "dependencies": {
        "@sopres/core": "^1.0.1",
        "axios": "^1.6.0"
      },
      "devDependencies": {
        "tsup": "^8.0.0",
        "typescript": "^5.3.3"
      },
      "peerDependencies": {
        "@sopres/core": "^1.0.0"
      }
    },
    "../packages/@sopres/utils": {
      "version": "1.0.1",
      "license": "MIT",
      "dependencies": {
        "winston": "^3.11.0"
      },
      "devDependencies": {
        "@types/node": "^20.10.5",
        "typescript": "^5.3.3"
      }
    },
    "node_modules/@sopres/core": {
      "resolved": "../packages/@sopres/core",
      "link": true
    },
    "node_modules/@sopres/sdk": {
      "resolved": "../packages/@sopres/sdk",
      "link": true
    },
    "node_modules/@sopres/utils": {
      "resolved": "../packages/@sopres/utils",
      "link": true
    }
  }
}
